version: v2
locks:
  f/therapilot/fetch_session: 87e3a85569243108b39b86bbb9b1e7deff3363459ea099162ddbd7a944b034f2
  f/therapilot/save_documentation: 25480d4f7c20970f0360343432d3336fae46880ef738ffb0c3f3cf6ad36dad8d
  f/therapilot/session_documentation__flow+__flow_hash: 44136fa355b3678a1146ad16f7e8649e94fb4fc21fe77e8310c060f61caaff8a
  f/therapilot/structure_session: 47df4e7ecf3018c1b7cfda4c801a00a6303da5dc6e39a0fa78d11f0a661d1d78
  f/therapilot/validate_sections: 310ea137a7e546fdf669ea3791120f1e3cfb95c23561f9f5205a86ef6e6fd766
